{
  "originHash" : "5fdfe48001ec9270f523296bb07696c525da68412b4311316766541057fcdc34",
  "pins" : [
    {
      "identity" : "sentry-cocoa",
      "kind" : "remoteSourceControl",
      "location" : "https://github.com/getsentry/sentry-cocoa/",
      "state" : {
        "revision" : "7fc7ca43967e2980d8691a8e017c118a84133aac",
        "version" : "8.26.0"
      }
    }
  ],
  "version" : 3
}
